
Microsoft Visual Studio Solution File, Format Version 12.00
# Visual Studio Version 17
VisualStudioVersion = 17.6.33801.468
MinimumVisualStudioVersion = 10.0.40219.1
Project("{FAE04EC0-301F-11D3-BF4B-00C04F79EFBC}") = "ASP.NET_CoreWebApp_MVC_PDF", "ASP.NET_CoreWebApp_MVC_PDF\ASP.NET_CoreWebApp_MVC_PDF.csproj", "{41C42DE2-0B45-4BAA-B89B-0739714367B0}"
EndProject
Project("{FAE04EC0-301F-11D3-BF4B-00C04F79EFBC}") = "ConsoleApp_PDF", "ConsoleApp_PDF\ConsoleApp_PDF.csproj", "{361B5988-7728-4E92-91F5-6676172C73EF}"
EndProject
Global
	GlobalSection(SolutionConfigurationPlatforms) = preSolution
		Debug|Any CPU = Debug|Any CPU
		Release|Any CPU = Release|Any CPU
	EndGlobalSection
	GlobalSection(ProjectConfigurationPlatforms) = postSolution
		{41C42DE2-0B45-4BAA-B89B-0739714367B0}.Debug|Any CPU.ActiveCfg = Debug|Any CPU
		{41C42DE2-0B45-4BAA-B89B-0739714367B0}.Debug|Any CPU.Build.0 = Debug|Any CPU
		{41C42DE2-0B45-4BAA-B89B-0739714367B0}.Release|Any CPU.ActiveCfg = Release|Any CPU
		{41C42DE2-0B45-4BAA-B89B-0739714367B0}.Release|Any CPU.Build.0 = Release|Any CPU
		{361B5988-7728-4E92-91F5-6676172C73EF}.Debug|Any CPU.ActiveCfg = Debug|Any CPU
		{361B5988-7728-4E92-91F5-6676172C73EF}.Debug|Any CPU.Build.0 = Debug|Any CPU
		{361B5988-7728-4E92-91F5-6676172C73EF}.Release|Any CPU.ActiveCfg = Release|Any CPU
		{361B5988-7728-4E92-91F5-6676172C73EF}.Release|Any CPU.Build.0 = Release|Any CPU
	EndGlobalSection
	GlobalSection(SolutionProperties) = preSolution
		HideSolutionNode = FALSE
	EndGlobalSection
	GlobalSection(ExtensibilityGlobals) = postSolution
		SolutionGuid = {5A5B5088-7427-42B5-BC98-80E2A82B5913}
	EndGlobalSection
EndGlobal
